
Microsoft Visual Studio Solution File, Format Version 12.00
# Visual Studio Version 16
VisualStudioVersion = 25.0.1706.9
MinimumVisualStudioVersion = 10.0.40219.1
Project("{FAE04EC0-301F-11D3-BF4B-00C04F79EFBC}") = "Assignment_1", "Assignment_1\Assignment_1.csproj", "{1114E8D0-8602-4F0C-B4E6-7CA6AB12E2DB}"
EndProject
Global
	GlobalSection(SolutionConfigurationPlatforms) = preSolution
		Debug|Any CPU = Debug|Any CPU
		Release|Any CPU = Release|Any CPU
	EndGlobalSection
	GlobalSection(ProjectConfigurationPlatforms) = postSolution
		{1114E8D0-8602-4F0C-B4E6-7CA6AB12E2DB}.Debug|Any CPU.ActiveCfg = Debug|Any CPU
		{1114E8D0-8602-4F0C-B4E6-7CA6AB12E2DB}.Debug|Any CPU.Build.0 = Debug|Any CPU
		{1114E8D0-8602-4F0C-B4E6-7CA6AB12E2DB}.Release|Any CPU.ActiveCfg = Release|Any CPU
		{1114E8D0-8602-4F0C-B4E6-7CA6AB12E2DB}.Release|Any CPU.Build.0 = Release|Any CPU
	EndGlobalSection
	GlobalSection(SolutionProperties) = preSolution
		HideSolutionNode = FALSE
	EndGlobalSection
	GlobalSection(ExtensibilityGlobals) = postSolution
		SolutionGuid = {9A4FEE22-AD75-4697-97A8-8E557E36A17E}
	EndGlobalSection
EndGlobal
